{
  "name": "project1",
  "lockfileVersion": 3,
  "requires": true,
  "packages": {
    "": {
      "dependencies": {
        "@fontsource/gaegu": "^5.0.19"
      }
    },
    "node_modules/@fontsource/gaegu": {
      "version": "5.0.19",
      "resolved": "https://registry.npmjs.org/@fontsource/gaegu/-/gaegu-5.0.19.tgz",
      "integrity": "sha512-vUix4BAG9BLFQ7TLB0TymzT54Aht2FonEzhFK+nWClHKWfnR/n3tb3GudNEbrg+Lhb6NZ5UJWMUNALeCWJuCAA==",
      "license": "OFL-1.1"
    }
  }
}
